
Microsoft Visual Studio Solution File, Format Version 12.00
# Visual Studio Version 17
VisualStudioVersion = 17.13.35825.156 d17.13
MinimumVisualStudioVersion = 10.0.40219.1
Project("{FAE04EC0-301F-11D3-BF4B-00C04F79EFBC}") = "OperacionesApp", "OperacionesApp\OperacionesApp.csproj", "{B44AC45E-2DC0-4AF4-B20F-43A554C52D29}"
EndProject
Global
	GlobalSection(SolutionConfigurationPlatforms) = preSolution
		Debug|Any CPU = Debug|Any CPU
		Release|Any CPU = Release|Any CPU
	EndGlobalSection
	GlobalSection(ProjectConfigurationPlatforms) = postSolution
		{B44AC45E-2DC0-4AF4-B20F-43A554C52D29}.Debug|Any CPU.ActiveCfg = Debug|Any CPU
		{B44AC45E-2DC0-4AF4-B20F-43A554C52D29}.Debug|Any CPU.Build.0 = Debug|Any CPU
		{B44AC45E-2DC0-4AF4-B20F-43A554C52D29}.Debug|Any CPU.Deploy.0 = Debug|Any CPU
		{B44AC45E-2DC0-4AF4-B20F-43A554C52D29}.Release|Any CPU.ActiveCfg = Release|Any CPU
		{B44AC45E-2DC0-4AF4-B20F-43A554C52D29}.Release|Any CPU.Build.0 = Release|Any CPU
		{B44AC45E-2DC0-4AF4-B20F-43A554C52D29}.Release|Any CPU.Deploy.0 = Release|Any CPU
	EndGlobalSection
	GlobalSection(SolutionProperties) = preSolution
		HideSolutionNode = FALSE
	EndGlobalSection
	GlobalSection(ExtensibilityGlobals) = postSolution
		SolutionGuid = {E046FB8C-B0CF-4E77-B6A6-1EC316C6AA87}
	EndGlobalSection
EndGlobal
